
Microsoft Visual Studio Solution File, Format Version 12.00
# Visual Studio Version 17
VisualStudioVersion = 17.3.32901.215
MinimumVisualStudioVersion = 10.0.40219.1
Project("{FAE04EC0-301F-11D3-BF4B-00C04F79EFBC}") = "PohybStrava", "PohybStrava\PohybStrava.csproj", "{768648A8-6C64-4E2B-8C06-FC595D824EC4}"
EndProject
Global
	GlobalSection(SolutionConfigurationPlatforms) = preSolution
		Debug|Any CPU = Debug|Any CPU
		Release|Any CPU = Release|Any CPU
	EndGlobalSection
	GlobalSection(ProjectConfigurationPlatforms) = postSolution
		{768648A8-6C64-4E2B-8C06-FC595D824EC4}.Debug|Any CPU.ActiveCfg = Debug|Any CPU
		{768648A8-6C64-4E2B-8C06-FC595D824EC4}.Debug|Any CPU.Build.0 = Debug|Any CPU
		{768648A8-6C64-4E2B-8C06-FC595D824EC4}.Release|Any CPU.ActiveCfg = Release|Any CPU
		{768648A8-6C64-4E2B-8C06-FC595D824EC4}.Release|Any CPU.Build.0 = Release|Any CPU
	EndGlobalSection
	GlobalSection(SolutionProperties) = preSolution
		HideSolutionNode = FALSE
	EndGlobalSection
	GlobalSection(ExtensibilityGlobals) = postSolution
		SolutionGuid = {30176561-D12F-488D-80AD-D1D6B4A25D96}
	EndGlobalSection
EndGlobal
